{
  "name": "opale-accordion",
  "version": "0.0.2",
  "lockfileVersion": 1,
  "requires": true,
  "dependencies": {
    "@stencil/core": {
      "version": "1.9.1",
      "resolved": "https://registry.npmjs.org/@stencil/core/-/core-1.9.1.tgz",
      "integrity": "sha512-UGKlrYnphHZMlDIjcTFcQ2LRQF8O3xV5J+AWtMBbjgb8VAiS3jlFiuo1FddCpa2ehTki0ZZdkU6wIsYx0qI05g==",
      "dev": true,
      "requires": {
        "typescript": "3.8.3"
      }
    },
    "typescript": {
      "version": "3.8.3",
      "resolved": "https://registry.npmjs.org/typescript/-/typescript-3.8.3.tgz",
      "integrity": "sha512-MYlEfn5VrLNsgudQTVJeNaQFUAI7DkhnOjdpAp4T+ku1TfQClewlbSuTVHiA+8skNBgaf02TL/kLOvig4y3G8w==",
      "dev": true
    }
  }
}
